
Microsoft Visual Studio Solution File, Format Version 12.00
# Visual Studio Version 16
VisualStudioVersion = 16.0.31313.79
MinimumVisualStudioVersion = 10.0.40219.1
Project("{FAE04EC0-301F-11D3-BF4B-00C04F79EFBC}") = "Cafe_Management", "Cafe_Management\Cafe_Management.csproj", "{F260FF1E-B833-4DF9-B5B6-BC7DA2C184BE}"
EndProject
Global
	GlobalSection(SolutionConfigurationPlatforms) = preSolution
		Debug|Any CPU = Debug|Any CPU
		Release|Any CPU = Release|Any CPU
	EndGlobalSection
	GlobalSection(ProjectConfigurationPlatforms) = postSolution
		{F260FF1E-B833-4DF9-B5B6-BC7DA2C184BE}.Debug|Any CPU.ActiveCfg = Debug|Any CPU
		{F260FF1E-B833-4DF9-B5B6-BC7DA2C184BE}.Debug|Any CPU.Build.0 = Debug|Any CPU
		{F260FF1E-B833-4DF9-B5B6-BC7DA2C184BE}.Release|Any CPU.ActiveCfg = Release|Any CPU
		{F260FF1E-B833-4DF9-B5B6-BC7DA2C184BE}.Release|Any CPU.Build.0 = Release|Any CPU
	EndGlobalSection
	GlobalSection(SolutionProperties) = preSolution
		HideSolutionNode = FALSE
	EndGlobalSection
	GlobalSection(ExtensibilityGlobals) = postSolution
		SolutionGuid = {29FB38AD-E633-4C28-9457-E267817941DD}
	EndGlobalSection
EndGlobal
